
Microsoft Visual Studio Solution File, Format Version 12.00
# Visual Studio 15
VisualStudioVersion = 15.0.27705.2000
MinimumVisualStudioVersion = 10.0.40219.1
Project("{2150E333-8FDC-42A3-9474-1A3956D46DE8}") = "01简单的工厂模式_计算器", "01简单的工厂模式_计算器", "{B8F25276-A64F-475E-8D75-1B53A53BB675}"
EndProject
Project("{2150E333-8FDC-42A3-9474-1A3956D46DE8}") = "面向对象", "面向对象", "{712A5BB6-6813-42BD-8963-C793F9682905}"
EndProject
Project("{FAE04EC0-301F-11D3-BF4B-00C04F79EFBC}") = "Calputer", "Calputer\Calputer.csproj", "{BDA5010E-B1DD-464F-B64E-24617BA90856}"
EndProject
Project("{2150E333-8FDC-42A3-9474-1A3956D46DE8}") = "策略模式", "策略模式", "{9C02A110-9424-420C-80D0-0A50854D418A}"
EndProject
Project("{FAE04EC0-301F-11D3-BF4B-00C04F79EFBC}") = "StoreCashierSoftware", "StoreCashierSoftware\StoreCashierSoftware.csproj", "{4F934807-A12A-4213-9064-327B35DF757A}"
EndProject
Project("{FAE04EC0-301F-11D3-BF4B-00C04F79EFBC}") = "工厂模式_销售系统", "工厂模式_销售系统\工厂模式_销售系统.csproj", "{C73FBB02-0335-46B8-9F4E-B19C622BDA39}"
EndProject
Project("{FAE04EC0-301F-11D3-BF4B-00C04F79EFBC}") = "AnimalGames", "AnimalGames\AnimalGames.csproj", "{FDBF65A0-B35B-43E9-A006-113CD5AA8D20}"
EndProject
Project("{FAE04EC0-301F-11D3-BF4B-00C04F79EFBC}") = "TomAndJerry", "TomAndJerry\TomAndJerry.csproj", "{D11A0EFF-5707-4DE4-8281-7D412003EDC1}"
EndProject
Project("{2150E333-8FDC-42A3-9474-1A3956D46DE8}") = "结构案例", "结构案例", "{F524B963-1D25-480C-B431-7B1D3ADDA301}"
EndProject
Project("{FAE04EC0-301F-11D3-BF4B-00C04F79EFBC}") = "Understand", "Understand\Understand.csproj", "{1CE37598-C706-4E2D-9708-3C976E135472}"
EndProject
Project("{2150E333-8FDC-42A3-9474-1A3956D46DE8}") = "装饰模式", "装饰模式", "{A07AC43F-F8FA-49FE-960F-EAC355069FDC}"
EndProject
Project("{FAE04EC0-301F-11D3-BF4B-00C04F79EFBC}") = "DressUpContest", "DressUpContest\DressUpContest.csproj", "{99794F8D-CB0E-41BF-9BAC-5DB3E5343730}"
EndProject
Project("{2150E333-8FDC-42A3-9474-1A3956D46DE8}") = "结构案例", "结构案例", "{24B1A3DF-8AAA-4E21-9CBD-518CAC389F7C}"
EndProject
Project("{2150E333-8FDC-42A3-9474-1A3956D46DE8}") = "装扮大赛", "装扮大赛", "{D1D50B9A-D2A8-40D3-89C4-E599C00C35F4}"
EndProject
Project("{2150E333-8FDC-42A3-9474-1A3956D46DE8}") = "商店的收银员", "商店的收银员", "{76D0E6A7-A036-44E3-A9DF-1E50F6C9643D}"
EndProject
Project("{FAE04EC0-301F-11D3-BF4B-00C04F79EFBC}") = "DecoratorModel", "DecoratorModel\DecoratorModel.csproj", "{5F76E652-B91C-4D59-AC4B-DD41F713A731}"
EndProject
Project("{2150E333-8FDC-42A3-9474-1A3956D46DE8}") = "练习", "练习", "{241907A7-67E3-40E7-80B4-D3E5B93E1085}"
EndProject
Project("{FAE04EC0-301F-11D3-BF4B-00C04F79EFBC}") = "ColourRabbit", "ColourRabbit\ColourRabbit.csproj", "{87F6F7EF-698E-4D7F-9F2D-B0C6BBAF7620}"
EndProject
Project("{FAE04EC0-301F-11D3-BF4B-00C04F79EFBC}") = "DecorationContest", "DecorationContest\DecorationContest.csproj", "{51234DDC-3BE5-4C1A-BAB4-E72BDAC9EC3E}"
EndProject
Project("{2150E333-8FDC-42A3-9474-1A3956D46DE8}") = "练习", "练习", "{BAF992DB-AE59-402F-A327-28CB857CDBDA}"
EndProject
Project("{FAE04EC0-301F-11D3-BF4B-00C04F79EFBC}") = "策略模式练习", "策略模式练习\策略模式练习.csproj", "{46CBADAB-1FA1-4BB5-A61A-B49F6184A155}"
EndProject
Project("{FAE04EC0-301F-11D3-BF4B-00C04F79EFBC}") = "StrategyPattern", "StrategyPattern\StrategyPattern.csproj", "{2E00974C-5D25-495A-8D24-CFFBDB358D6E}"
EndProject
Global
	GlobalSection(SolutionConfigurationPlatforms) = preSolution
		Debug|Any CPU = Debug|Any CPU
		Release|Any CPU = Release|Any CPU
	EndGlobalSection
	GlobalSection(ProjectConfigurationPlatforms) = postSolution
		{BDA5010E-B1DD-464F-B64E-24617BA90856}.Debug|Any CPU.ActiveCfg = Debug|Any CPU
		{BDA5010E-B1DD-464F-B64E-24617BA90856}.Debug|Any CPU.Build.0 = Debug|Any CPU
		{BDA5010E-B1DD-464F-B64E-24617BA90856}.Release|Any CPU.ActiveCfg = Release|Any CPU
		{BDA5010E-B1DD-464F-B64E-24617BA90856}.Release|Any CPU.Build.0 = Release|Any CPU
		{4F934807-A12A-4213-9064-327B35DF757A}.Debug|Any CPU.ActiveCfg = Debug|Any CPU
		{4F934807-A12A-4213-9064-327B35DF757A}.Debug|Any CPU.Build.0 = Debug|Any CPU
		{4F934807-A12A-4213-9064-327B35DF757A}.Release|Any CPU.ActiveCfg = Release|Any CPU
		{4F934807-A12A-4213-9064-327B35DF757A}.Release|Any CPU.Build.0 = Release|Any CPU
		{C73FBB02-0335-46B8-9F4E-B19C622BDA39}.Debug|Any CPU.ActiveCfg = Debug|Any CPU
		{C73FBB02-0335-46B8-9F4E-B19C622BDA39}.Debug|Any CPU.Build.0 = Debug|Any CPU
		{C73FBB02-0335-46B8-9F4E-B19C622BDA39}.Release|Any CPU.ActiveCfg = Release|Any CPU
		{C73FBB02-0335-46B8-9F4E-B19C622BDA39}.Release|Any CPU.Build.0 = Release|Any CPU
		{FDBF65A0-B35B-43E9-A006-113CD5AA8D20}.Debug|Any CPU.ActiveCfg = Debug|Any CPU
		{FDBF65A0-B35B-43E9-A006-113CD5AA8D20}.Debug|Any CPU.Build.0 = Debug|Any CPU
		{FDBF65A0-B35B-43E9-A006-113CD5AA8D20}.Release|Any CPU.ActiveCfg = Release|Any CPU
		{FDBF65A0-B35B-43E9-A006-113CD5AA8D20}.Release|Any CPU.Build.0 = Release|Any CPU
		{D11A0EFF-5707-4DE4-8281-7D412003EDC1}.Debug|Any CPU.ActiveCfg = Debug|Any CPU
		{D11A0EFF-5707-4DE4-8281-7D412003EDC1}.Debug|Any CPU.Build.0 = Debug|Any CPU
		{D11A0EFF-5707-4DE4-8281-7D412003EDC1}.Release|Any CPU.ActiveCfg = Release|Any CPU
		{D11A0EFF-5707-4DE4-8281-7D412003EDC1}.Release|Any CPU.Build.0 = Release|Any CPU
		{1CE37598-C706-4E2D-9708-3C976E135472}.Debug|Any CPU.ActiveCfg = Debug|Any CPU
		{1CE37598-C706-4E2D-9708-3C976E135472}.Debug|Any CPU.Build.0 = Debug|Any CPU
		{1CE37598-C706-4E2D-9708-3C976E135472}.Release|Any CPU.ActiveCfg = Release|Any CPU
		{1CE37598-C706-4E2D-9708-3C976E135472}.Release|Any CPU.Build.0 = Release|Any CPU
		{99794F8D-CB0E-41BF-9BAC-5DB3E5343730}.Debug|Any CPU.ActiveCfg = Debug|Any CPU
		{99794F8D-CB0E-41BF-9BAC-5DB3E5343730}.Debug|Any CPU.Build.0 = Debug|Any CPU
		{99794F8D-CB0E-41BF-9BAC-5DB3E5343730}.Release|Any CPU.ActiveCfg = Release|Any CPU
		{99794F8D-CB0E-41BF-9BAC-5DB3E5343730}.Release|Any CPU.Build.0 = Release|Any CPU
		{5F76E652-B91C-4D59-AC4B-DD41F713A731}.Debug|Any CPU.ActiveCfg = Debug|Any CPU
		{5F76E652-B91C-4D59-AC4B-DD41F713A731}.Debug|Any CPU.Build.0 = Debug|Any CPU
		{5F76E652-B91C-4D59-AC4B-DD41F713A731}.Release|Any CPU.ActiveCfg = Release|Any CPU
		{5F76E652-B91C-4D59-AC4B-DD41F713A731}.Release|Any CPU.Build.0 = Release|Any CPU
		{87F6F7EF-698E-4D7F-9F2D-B0C6BBAF7620}.Debug|Any CPU.ActiveCfg = Debug|Any CPU
		{87F6F7EF-698E-4D7F-9F2D-B0C6BBAF7620}.Debug|Any CPU.Build.0 = Debug|Any CPU
		{87F6F7EF-698E-4D7F-9F2D-B0C6BBAF7620}.Release|Any CPU.ActiveCfg = Release|Any CPU
		{87F6F7EF-698E-4D7F-9F2D-B0C6BBAF7620}.Release|Any CPU.Build.0 = Release|Any CPU
		{51234DDC-3BE5-4C1A-BAB4-E72BDAC9EC3E}.Debug|Any CPU.ActiveCfg = Debug|Any CPU
		{51234DDC-3BE5-4C1A-BAB4-E72BDAC9EC3E}.Debug|Any CPU.Build.0 = Debug|Any CPU
		{51234DDC-3BE5-4C1A-BAB4-E72BDAC9EC3E}.Release|Any CPU.ActiveCfg = Release|Any CPU
		{51234DDC-3BE5-4C1A-BAB4-E72BDAC9EC3E}.Release|Any CPU.Build.0 = Release|Any CPU
		{46CBADAB-1FA1-4BB5-A61A-B49F6184A155}.Debug|Any CPU.ActiveCfg = Debug|Any CPU
		{46CBADAB-1FA1-4BB5-A61A-B49F6184A155}.Debug|Any CPU.Build.0 = Debug|Any CPU
		{46CBADAB-1FA1-4BB5-A61A-B49F6184A155}.Release|Any CPU.ActiveCfg = Release|Any CPU
		{46CBADAB-1FA1-4BB5-A61A-B49F6184A155}.Release|Any CPU.Build.0 = Release|Any CPU
		{2E00974C-5D25-495A-8D24-CFFBDB358D6E}.Debug|Any CPU.ActiveCfg = Debug|Any CPU
		{2E00974C-5D25-495A-8D24-CFFBDB358D6E}.Debug|Any CPU.Build.0 = Debug|Any CPU
		{2E00974C-5D25-495A-8D24-CFFBDB358D6E}.Release|Any CPU.ActiveCfg = Release|Any CPU
		{2E00974C-5D25-495A-8D24-CFFBDB358D6E}.Release|Any CPU.Build.0 = Release|Any CPU
	EndGlobalSection
	GlobalSection(SolutionProperties) = preSolution
		HideSolutionNode = FALSE
	EndGlobalSection
	GlobalSection(NestedProjects) = preSolution
		{BDA5010E-B1DD-464F-B64E-24617BA90856} = {B8F25276-A64F-475E-8D75-1B53A53BB675}
		{4F934807-A12A-4213-9064-327B35DF757A} = {76D0E6A7-A036-44E3-A9DF-1E50F6C9643D}
		{C73FBB02-0335-46B8-9F4E-B19C622BDA39} = {B8F25276-A64F-475E-8D75-1B53A53BB675}
		{FDBF65A0-B35B-43E9-A006-113CD5AA8D20} = {712A5BB6-6813-42BD-8963-C793F9682905}
		{D11A0EFF-5707-4DE4-8281-7D412003EDC1} = {712A5BB6-6813-42BD-8963-C793F9682905}
		{F524B963-1D25-480C-B431-7B1D3ADDA301} = {9C02A110-9424-420C-80D0-0A50854D418A}
		{1CE37598-C706-4E2D-9708-3C976E135472} = {BAF992DB-AE59-402F-A327-28CB857CDBDA}
		{99794F8D-CB0E-41BF-9BAC-5DB3E5343730} = {D1D50B9A-D2A8-40D3-89C4-E599C00C35F4}
		{24B1A3DF-8AAA-4E21-9CBD-518CAC389F7C} = {A07AC43F-F8FA-49FE-960F-EAC355069FDC}
		{D1D50B9A-D2A8-40D3-89C4-E599C00C35F4} = {A07AC43F-F8FA-49FE-960F-EAC355069FDC}
		{76D0E6A7-A036-44E3-A9DF-1E50F6C9643D} = {9C02A110-9424-420C-80D0-0A50854D418A}
		{5F76E652-B91C-4D59-AC4B-DD41F713A731} = {24B1A3DF-8AAA-4E21-9CBD-518CAC389F7C}
		{241907A7-67E3-40E7-80B4-D3E5B93E1085} = {A07AC43F-F8FA-49FE-960F-EAC355069FDC}
		{87F6F7EF-698E-4D7F-9F2D-B0C6BBAF7620} = {241907A7-67E3-40E7-80B4-D3E5B93E1085}
		{51234DDC-3BE5-4C1A-BAB4-E72BDAC9EC3E} = {241907A7-67E3-40E7-80B4-D3E5B93E1085}
		{BAF992DB-AE59-402F-A327-28CB857CDBDA} = {9C02A110-9424-420C-80D0-0A50854D418A}
		{46CBADAB-1FA1-4BB5-A61A-B49F6184A155} = {BAF992DB-AE59-402F-A327-28CB857CDBDA}
		{2E00974C-5D25-495A-8D24-CFFBDB358D6E} = {F524B963-1D25-480C-B431-7B1D3ADDA301}
	EndGlobalSection
	GlobalSection(ExtensibilityGlobals) = postSolution
		SolutionGuid = {6253B10A-3916-404B-90F1-96C3EAF10054}
	EndGlobalSection
EndGlobal
